// !$*UTF8*$!
{
	archiveVersion = 1;
	classes = {
	};
	objectVersion = 77;
	objects = {

/* Begin PBXBuildFile section */
		1A2695952D68210900749E24 /* CoreXLSX in Frameworks */ = {isa = PBXBuildFile; productRef = 1A2695942D68210900749E24 /* CoreXLSX */; };
		1A2695972D68213900749E24 /* CoreXLSX in Frameworks */ = {isa = PBXBuildFile; productRef = 1A2695962D68213900749E24 /* CoreXLSX */; };
		1A2695992D68214D00749E24 /* CoreXLSX in Frameworks */ = {isa = PBXBuildFile; productRef = 1A2695982D68214D00749E24 /* CoreXLSX */; };
/* End PBXBuildFile section */

/* Begin PBXContainerItemProxy section */
		1A6477E62D101F89009290A2 /* PBXContainerItemProxy */ = {
			isa = PBXContainerItemProxy;
			containerPortal = 1A6477CC2D101F87009290A2 /* Project object */;
			proxyType = 1;
			remoteGlobalIDString = 1A6477D32D101F87009290A2;
			remoteInfo = DriveMate_New;
		};
		1A6477F02D101F89009290A2 /* PBXContainerItemProxy */ = {
			isa = PBXContainerItemProxy;
			containerPortal = 1A6477CC2D101F87009290A2 /* Project object */;
			proxyType = 1;
			remoteGlobalIDString = 1A6477D32D101F87009290A2;
			remoteInfo = DriveMate_New;
		};
/* End PBXContainerItemProxy section */

/* Begin PBXFileReference section */
		1A6477D42D101F87009290A2 /* DriveMate_New.app */ = {isa = PBXFileReference; explicitFileType = wrapper.application; includeInIndex = 0; path = DriveMate_New.app; sourceTree = BUILT_PRODUCTS_DIR; };
		1A6477E52D101F89009290A2 /* DriveMate_NewTests.xctest */ = {isa = PBXFileReference; explicitFileType = wrapper.cfbundle; includeInIndex = 0; path = DriveMate_NewTests.xctest; sourceTree = BUILT_PRODUCTS_DIR; };
		1A6477EF2D101F89009290A2 /* DriveMate_NewUITests.xctest */ = {isa = PBXFileReference; explicitFileType = wrapper.cfbundle; includeInIndex = 0; path = DriveMate_NewUITests.xctest; sourceTree = BUILT_PRODUCTS_DIR; };
/* End PBXFileReference section */

/* Begin PBXFileSystemSynchronizedRootGroup section */
		1A6477D62D101F87009290A2 /* DriveMate_New */ = {
			isa = PBXFileSystemSynchronizedRootGroup;
			path = DriveMate_New;
			sourceTree = "<group>";
		};
		1A6477E82D101F89009290A2 /* DriveMate_NewTests */ = {
			isa = PBXFileSystemSynchronizedRootGroup;
			path = DriveMate_NewTests;
			sourceTree = "<group>";
		};
		1A6477F22D101F89009290A2 /* DriveMate_NewUITests */ = {
			isa = PBXFileSystemSynchronizedRootGroup;
			path = DriveMate_NewUITests;
			sourceTree = "<group>";
		};
/* End PBXFileSystemSynchronizedRootGroup section */

/* Begin PBXFrameworksBuildPhase section */
		1A6477D12D101F87009290A2 /* Frameworks */ = {
			isa = PBXFrameworksBuildPhase;
			buildActionMask = 2147483647;
			files = (
				1A2695952D68210900749E24 /* CoreXLSX in Frameworks */,
			);
			runOnlyForDeploymentPostprocessing = 0;
		};
		1A6477E22D101F89009290A2 /* Frameworks */ = {
			isa = PBXFrameworksBuildPhase;
			buildActionMask = 2147483647;
			files = (
				1A2695972D68213900749E24 /* CoreXLSX in Frameworks */,
			);
			runOnlyForDeploymentPostprocessing = 0;
		};
		1A6477EC2D101F89009290A2 /* Frameworks */ = {
			isa = PBXFrameworksBuildPhase;
			buildActionMask = 2147483647;
			files = (
				1A2695992D68214D00749E24 /* CoreXLSX in Frameworks */,
			);
			runOnlyForDeploymentPostprocessing = 0;
		};
/* End PBXFrameworksBuildPhase section */

/* Begin PBXGroup section */
		1A6477CB2D101F87009290A2 = {
			isa = PBXGroup;
			children = (
				1A6477D62D101F87009290A2 /* DriveMate_New */,
				1A6477E82D101F89009290A2 /* DriveMate_NewTests */,
				1A6477F22D101F89009290A2 /* DriveMate_NewUITests */,
				1A6477D52D101F87009290A2 /* Products */,
			);
			sourceTree = "<group>";
		};
		1A6477D52D101F87009290A2 /* Products */ = {
			isa = PBXGroup;
			children = (
				1A6477D42D101F87009290A2 /* DriveMate_New.app */,
				1A6477E52D101F89009290A2 /* DriveMate_NewTests.xctest */,
				1A6477EF2D101F89009290A2 /* DriveMate_NewUITests.xctest */,
			);
			name = Products;
			sourceTree = "<group>";
		};
/* End PBXGroup section */

/* Begin PBXNativeTarget section */
		1A6477D32D101F87009290A2 /* DriveMate_New */ = {
			isa = PBXNativeTarget;
			buildConfigurationList = 1A6477F92D101F89009290A2 /* Build configuration list for PBXNativeTarget "DriveMate_New" */;
			buildPhases = (
				1A6477D02D101F87009290A2 /* Sources */,
				1A6477D12D101F87009290A2 /* Frameworks */,
				1A6477D22D101F87009290A2 /* Resources */,
			);
			buildRules = (
			);
			dependencies = (
			);
			fileSystemSynchronizedGroups = (
				1A6477D62D101F87009290A2 /* DriveMate_New */,
			);
			name = DriveMate_New;
			packageProductDependencies = (
				1A2695942D68210900749E24 /* CoreXLSX */,
			);
			productName = DriveMate_New;
			productReference = 1A6477D42D101F87009290A2 /* DriveMate_New.app */;
			productType = "com.apple.product-type.application";
		};
		1A6477E42D101F89009290A2 /* DriveMate_NewTests */ = {
			isa = PBXNativeTarget;
			buildConfigurationList = 1A6477FC2D101F89009290A2 /* Build configuration list for PBXNativeTarget "DriveMate_NewTests" */;
			buildPhases = (
				1A6477E12D101F89009290A2 /* Sources */,
				1A6477E22D101F89009290A2 /* Frameworks */,
				1A6477E32D101F89009290A2 /* Resources */,
			);
			buildRules = (
			);
			dependencies = (
				1A6477E72D101F89009290A2 /* PBXTargetDependency */,
			);
			fileSystemSynchronizedGroups = (
				1A6477E82D101F89009290A2 /* DriveMate_NewTests */,
			);
			name = DriveMate_NewTests;
			packageProductDependencies = (
				1A2695962D68213900749E24 /* CoreXLSX */,
			);
			productName = DriveMate_NewTests;
			productReference = 1A6477E52D101F89009290A2 /* DriveMate_NewTests.xctest */;
			productType = "com.apple.product-type.bundle.unit-test";
		};
		1A6477EE2D101F89009290A2 /* DriveMate_NewUITests */ = {
			isa = PBXNativeTarget;
			buildConfigurationList = 1A6477FF2D101F89009290A2 /* Build configuration list for PBXNativeTarget "DriveMate_NewUITests" */;
			buildPhases = (
				1A6477EB2D101F89009290A2 /* Sources */,
				1A6477EC2D101F89009290A2 /* Frameworks */,
				1A6477ED2D101F89009290A2 /* Resources */,
			);
			buildRules = (
			);
			dependencies = (
				1A6477F12D101F89009290A2 /* PBXTargetDependency */,
			);
			fileSystemSynchronizedGroups = (
				1A6477F22D101F89009290A2 /* DriveMate_NewUITests */,
			);
			name = DriveMate_NewUITests;
			packageProductDependencies = (
				1A2695982D68214D00749E24 /* CoreXLSX */,
			);
			productName = DriveMate_NewUITests;
			productReference = 1A6477EF2D101F89009290A2 /* DriveMate_NewUITests.xctest */;
			productType = "com.apple.product-type.bundle.ui-testing";
		};
/* End PBXNativeTarget section */

/* Begin PBXProject section */
		1A6477CC2D101F87009290A2 /* Project object */ = {
			isa = PBXProject;
			attributes = {
				BuildIndependentTargetsInParallel = 1;
				LastSwiftUpdateCheck = 1620;
				LastUpgradeCheck = 1620;
				TargetAttributes = {
					1A6477D32D101F87009290A2 = {
						CreatedOnToolsVersion = 16.2;
					};
					1A6477E42D101F89009290A2 = {
						CreatedOnToolsVersion = 16.2;
						TestTargetID = 1A6477D32D101F87009290A2;
					};
					1A6477EE2D101F89009290A2 = {
						CreatedOnToolsVersion = 16.2;
						TestTargetID = 1A6477D32D101F87009290A2;
					};
				};
			};
			buildConfigurationList = 1A6477CF2D101F87009290A2 /* Build configuration list for PBXProject "DriveMate_New" */;
			developmentRegion = en;
			hasScannedForEncodings = 0;
			knownRegions = (
				en,
				Base,
			);
			mainGroup = 1A6477CB2D101F87009290A2;
			minimizedProjectReferenceProxies = 1;
			packageReferences = (
				1A2695932D68206D00749E24 /* XCRemoteSwiftPackageReference "CoreXLSX" */,
			);
			preferredProjectObjectVersion = 77;
			productRefGroup = 1A6477D52D101F87009290A2 /* Products */;
			projectDirPath = "";
			projectRoot = "";
			targets = (
				1A6477D32D101F87009290A2 /* DriveMate_New */,
				1A6477E42D101F89009290A2 /* DriveMate_NewTests */,
				1A6477EE2D101F89009290A2 /* DriveMate_NewUITests */,
			);
		};
/* End PBXProject section */

/* Begin PBXResourcesBuildPhase section */
		1A6477D22D101F87009290A2 /* Resources */ = {
			isa = PBXResourcesBuildPhase;
			buildActionMask = 2147483647;
			files = (
			);
			runOnlyForDeploymentPostprocessing = 0;
		};
		1A6477E32D101F89009290A2 /* Resources */ = {
			isa = PBXResourcesBuildPhase;
			buildActionMask = 2147483647;
			files = (
			);
			runOnlyForDeploymentPostprocessing = 0;
		};
		1A6477ED2D101F89009290A2 /* Resources */ = {
			isa = PBXResourcesBuildPhase;
			buildActionMask = 2147483647;
			files = (
			);
			runOnlyForDeploymentPostprocessing = 0;
		};
/* End PBXResourcesBuildPhase section */

/* Begin PBXSourcesBuildPhase section */
		1A6477D02D101F87009290A2 /* Sources */ = {
			isa = PBXSourcesBuildPhase;
			buildActionMask = 2147483647;
			files = (
			);
			runOnlyForDeploymentPostprocessing = 0;
		};
		1A6477E12D101F89009290A2 /* Sources */ = {
			isa = PBXSourcesBuildPhase;
			buildActionMask = 2147483647;
			files = (
			);
			runOnlyForDeploymentPostprocessing = 0;
		};
		1A6477EB2D101F89009290A2 /* Sources */ = {
			isa = PBXSourcesBuildPhase;
			buildActionMask = 2147483647;
			files = (
			);
			runOnlyForDeploymentPostprocessing = 0;
		};
/* End PBXSourcesBuildPhase section */

/* Begin PBXTargetDependency section */
		1A6477E72D101F89009290A2 /* PBXTargetDependency */ = {
			isa = PBXTargetDependency;
			target = 1A6477D32D101F87009290A2 /* DriveMate_New */;
			targetProxy = 1A6477E62D101F89009290A2 /* PBXContainerItemProxy */;
		};
		1A6477F12D101F89009290A2 /* PBXTargetDependency */ = {
			isa = PBXTargetDependency;
			target = 1A6477D32D101F87009290A2 /* DriveMate_New */;
			targetProxy = 1A6477F02D101F89009290A2 /* PBXContainerItemProxy */;
		};
/* End PBXTargetDependency section */

/* Begin XCBuildConfiguration section */
		1A6477F72D101F89009290A2 /* Debug */ = {
			isa = XCBuildConfiguration;
			buildSettings = {
				ALWAYS_SEARCH_USER_PATHS = NO;
				ASSETCATALOG_COMPILER_GENERATE_SWIFT_ASSET_SYMBOL_EXTENSIONS = YES;
				CLANG_ANALYZER_NONNULL = YES;
				CLANG_ANALYZER_NUMBER_OBJECT_CONVERSION = YES_AGGRESSIVE;
				CLANG_CXX_LANGUAGE_STANDARD = "gnu++20";
				CLANG_ENABLE_MODULES = YES;
				CLANG_ENABLE_OBJC_ARC = YES;
				CLANG_ENABLE_OBJC_WEAK = YES;
				CLANG_WARN_BLOCK_CAPTURE_AUTORELEASING = YES;
				CLANG_WARN_BOOL_CONVERSION = YES;
				CLANG_WARN_COMMA = YES;
				CLANG_WARN_CONSTANT_CONVERSION = YES;
				CLANG_WARN_DEPRECATED_OBJC_IMPLEMENTATIONS = YES;
				CLANG_WARN_DIRECT_OBJC_ISA_USAGE = YES_ERROR;
				CLANG_WARN_DOCUMENTATION_COMMENTS = YES;
				CLANG_WARN_EMPTY_BODY = YES;
				CLANG_WARN_ENUM_CONVERSION = YES;
				CLANG_WARN_INFINITE_RECURSION = YES;
				CLANG_WARN_INT_CONVERSION = YES;
				CLANG_WARN_NON_LITERAL_NULL_CONVERSION = YES;
				CLANG_WARN_OBJC_IMPLICIT_RETAIN_SELF = YES;
				CLANG_WARN_OBJC_LITERAL_CONVERSION = YES;
				CLANG_WARN_OBJC_ROOT_CLASS = YES_ERROR;
				CLANG_WARN_QUOTED_INCLUDE_IN_FRAMEWORK_HEADER = YES;
				CLANG_WARN_RANGE_LOOP_ANALYSIS = YES;
				CLANG_WARN_STRICT_PROTOTYPES = YES;
				CLANG_WARN_SUSPICIOUS_MOVE = YES;
				CLANG_WARN_UNGUARDED_AVAILABILITY = YES_AGGRESSIVE;
				CLANG_WARN_UNREACHABLE_CODE = YES;
				CLANG_WARN__DUPLICATE_METHOD_MATCH = YES;
				COPY_PHASE_STRIP = NO;
				DEBUG_INFORMATION_FORMAT = dwarf;
				ENABLE_STRICT_OBJC_MSGSEND = YES;
				ENABLE_TESTABILITY = YES;
				ENABLE_USER_SCRIPT_SANDBOXING = YES;
				GCC_C_LANGUAGE_STANDARD = gnu17;
				GCC_DYNAMIC_NO_PIC = NO;
				GCC_NO_COMMON_BLOCKS = YES;
				GCC_OPTIMIZATION_LEVEL = 0;
				GCC_PREPROCESSOR_DEFINITIONS = (
					"DEBUG=1",
					"$(inherited)",
				);
				GCC_WARN_64_TO_32_BIT_CONVERSION = YES;
				GCC_WARN_ABOUT_RETURN_TYPE = YES_ERROR;
				GCC_WARN_UNDECLARED_SELECTOR = YES;
				GCC_WARN_UNINITIALIZED_AUTOS = YES_AGGRESSIVE;
				GCC_WARN_UNUSED_FUNCTION = YES;
				GCC_WARN_UNUSED_VARIABLE = YES;
				LOCALIZATION_PREFERS_STRING_CATALOGS = YES;
				MTL_ENABLE_DEBUG_INFO = INCLUDE_SOURCE;
				MTL_FAST_MATH = YES;
				ONLY_ACTIVE_ARCH = YES;
				SWIFT_ACTIVE_COMPILATION_CONDITIONS = "DEBUG $(inherited)";
				SWIFT_OPTIMIZATION_LEVEL = "-Onone";
			};
			name = Debug;
		};
		1A6477F82D101F89009290A2 /* Release */ = {
			isa = XCBuildConfiguration;
			buildSettings = {
				ALWAYS_SEARCH_USER_PATHS = NO;
				ASSETCATALOG_COMPILER_GENERATE_SWIFT_ASSET_SYMBOL_EXTENSIONS = YES;
				CLANG_ANALYZER_NONNULL = YES;
				CLANG_ANALYZER_NUMBER_OBJECT_CONVERSION = YES_AGGRESSIVE;
				CLANG_CXX_LANGUAGE_STANDARD = "gnu++20";
				CLANG_ENABLE_MODULES = YES;
				CLANG_ENABLE_OBJC_ARC = YES;
				CLANG_ENABLE_OBJC_WEAK = YES;
				CLANG_WARN_BLOCK_CAPTURE_AUTORELEASING = YES;
				CLANG_WARN_BOOL_CONVERSION = YES;
				CLANG_WARN_COMMA = YES;
				CLANG_WARN_CONSTANT_CONVERSION = YES;
				CLANG_WARN_DEPRECATED_OBJC_IMPLEMENTATIONS = YES;
				CLANG_WARN_DIRECT_OBJC_ISA_USAGE = YES_ERROR;
				CLANG_WARN_DOCUMENTATION_COMMENTS = YES;
				CLANG_WARN_EMPTY_BODY = YES;
				CLANG_WARN_ENUM_CONVERSION = YES;
				CLANG_WARN_INFINITE_RECURSION = YES;
				CLANG_WARN_INT_CONVERSION = YES;
				CLANG_WARN_NON_LITERAL_NULL_CONVERSION = YES;
				CLANG_WARN_OBJC_IMPLICIT_RETAIN_SELF = YES;
				CLANG_WARN_OBJC_LITERAL_CONVERSION = YES;
				CLANG_WARN_OBJC_ROOT_CLASS = YES_ERROR;
				CLANG_WARN_QUOTED_INCLUDE_IN_FRAMEWORK_HEADER = YES;
				CLANG_WARN_RANGE_LOOP_ANALYSIS = YES;
				CLANG_WARN_STRICT_PROTOTYPES = YES;
				CLANG_WARN_SUSPICIOUS_MOVE = YES;
				CLANG_WARN_UNGUARDED_AVAILABILITY = YES_AGGRESSIVE;
				CLANG_WARN_UNREACHABLE_CODE = YES;
				CLANG_WARN__DUPLICATE_METHOD_MATCH = YES;
				COPY_PHASE_STRIP = NO;
				DEBUG_INFORMATION_FORMAT = "dwarf-with-dsym";
				ENABLE_NS_ASSERTIONS = NO;
				ENABLE_STRICT_OBJC_MSGSEND = YES;
				ENABLE_USER_SCRIPT_SANDBOXING = YES;
				GCC_C_LANGUAGE_STANDARD = gnu17;
				GCC_NO_COMMON_BLOCKS = YES;
				GCC_WARN_64_TO_32_BIT_CONVERSION = YES;
				GCC_WARN_ABOUT_RETURN_TYPE = YES_ERROR;
				GCC_WARN_UNDECLARED_SELECTOR = YES;
				GCC_WARN_UNINITIALIZED_AUTOS = YES_AGGRESSIVE;
				GCC_WARN_UNUSED_FUNCTION = YES;
				GCC_WARN_UNUSED_VARIABLE = YES;
				LOCALIZATION_PREFERS_STRING_CATALOGS = YES;
				MTL_ENABLE_DEBUG_INFO = NO;
				MTL_FAST_MATH = YES;
				SWIFT_COMPILATION_MODE = wholemodule;
			};
			name = Release;
		};
		1A6477FA2D101F89009290A2 /* Debug */ = {
			isa = XCBuildConfiguration;
			buildSettings = {
				ASSETCATALOG_COMPILER_APPICON_NAME = AppIcon;
				ASSETCATALOG_COMPILER_GLOBAL_ACCENT_COLOR_NAME = AccentColor;
				CODE_SIGN_ENTITLEMENTS = DriveMate_New/DriveMate_New.entitlements;
				CODE_SIGN_STYLE = Automatic;
				CURRENT_PROJECT_VERSION = 1;
				DEVELOPMENT_ASSET_PATHS = "\"DriveMate_New/Preview Content\"";
				DEVELOPMENT_TEAM = LJWSF863VJ;
				ENABLE_HARDENED_RUNTIME = YES;
				ENABLE_PREVIEWS = YES;
				GENERATE_INFOPLIST_FILE = YES;
				INFOPLIST_FILE = "DriveMate-New-Info.plist";
				INFOPLIST_KEY_CFBundleDisplayName = "";
				INFOPLIST_KEY_LSApplicationCategoryType = "";
				"INFOPLIST_KEY_UIApplicationSceneManifest_Generation[sdk=iphoneos*]" = YES;
				"INFOPLIST_KEY_UIApplicationSceneManifest_Generation[sdk=iphonesimulator*]" = YES;
				"INFOPLIST_KEY_UIApplicationSupportsIndirectInputEvents[sdk=iphoneos*]" = YES;
				"INFOPLIST_KEY_UIApplicationSupportsIndirectInputEvents[sdk=iphonesimulator*]" = YES;
				"INFOPLIST_KEY_UILaunchScreen_Generation[sdk=iphoneos*]" = YES;
				"INFOPLIST_KEY_UILaunchScreen_Generation[sdk=iphonesimulator*]" = YES;
				"INFOPLIST_KEY_UIStatusBarStyle[sdk=iphoneos*]" = UIStatusBarStyleDefault;
				"INFOPLIST_KEY_UIStatusBarStyle[sdk=iphonesimulator*]" = UIStatusBarStyleDefault;
				INFOPLIST_KEY_UISupportedInterfaceOrientations_iPad = "UIInterfaceOrientationPortrait UIInterfaceOrientationPortraitUpsideDown UIInterfaceOrientationLandscapeLeft UIInterfaceOrientationLandscapeRight";
				INFOPLIST_KEY_UISupportedInterfaceOrientations_iPhone = "UIInterfaceOrientationPortrait UIInterfaceOrientationLandscapeLeft UIInterfaceOrientationLandscapeRight";
				IPHONEOS_DEPLOYMENT_TARGET = 18.2;
				LD_RUNPATH_SEARCH_PATHS = "@executable_path/Frameworks";
				"LD_RUNPATH_SEARCH_PATHS[sdk=macosx*]" = "@executable_path/../Frameworks";
				MACOSX_DEPLOYMENT_TARGET = 15.2;
				MARKETING_VERSION = 1.0;
				PRODUCT_BUNDLE_IDENTIFIER = "iskandar.DriveMate-New";
				PRODUCT_NAME = "$(TARGET_NAME)";
				SDKROOT = auto;
				SUPPORTED_PLATFORMS = "iphoneos iphonesimulator macosx xros xrsimulator";
				SWIFT_EMIT_LOC_STRINGS = YES;
				SWIFT_VERSION = 5.0;
				TARGETED_DEVICE_FAMILY = "1,2,7";
				XROS_DEPLOYMENT_TARGET = 2.2;
			};
			name = Debug;
		};
		1A6477FB2D101F89009290A2 /* Release */ = {
			isa = XCBuildConfiguration;
			buildSettings = {
				ASSETCATALOG_COMPILER_APPICON_NAME = AppIcon;
				ASSETCATALOG_COMPILER_GLOBAL_ACCENT_COLOR_NAME = AccentColor;
				CODE_SIGN_ENTITLEMENTS = DriveMate_New/DriveMate_New.entitlements;
				CODE_SIGN_STYLE = Automatic;
				CURRENT_PROJECT_VERSION = 1;
				DEVELOPMENT_ASSET_PATHS = "\"DriveMate_New/Preview Content\"";
				DEVELOPMENT_TEAM = LJWSF863VJ;
				ENABLE_HARDENED_RUNTIME = YES;
				ENABLE_PREVIEWS = YES;
				GENERATE_INFOPLIST_FILE = YES;
				INFOPLIST_FILE = "DriveMate-New-Info.plist";
				INFOPLIST_KEY_CFBundleDisplayName = "";
				INFOPLIST_KEY_LSApplicationCategoryType = "";
				"INFOPLIST_KEY_UIApplicationSceneManifest_Generation[sdk=iphoneos*]" = YES;
				"INFOPLIST_KEY_UIApplicationSceneManifest_Generation[sdk=iphonesimulator*]" = YES;
				"INFOPLIST_KEY_UIApplicationSupportsIndirectInputEvents[sdk=iphoneos*]" = YES;
				"INFOPLIST_KEY_UIApplicationSupportsIndirectInputEvents[sdk=iphonesimulator*]" = YES;
				"INFOPLIST_KEY_UILaunchScreen_Generation[sdk=iphoneos*]" = YES;
				"INFOPLIST_KEY_UILaunchScreen_Generation[sdk=iphonesimulator*]" = YES;
				"INFOPLIST_KEY_UIStatusBarStyle[sdk=iphoneos*]" = UIStatusBarStyleDefault;
				"INFOPLIST_KEY_UIStatusBarStyle[sdk=iphonesimulator*]" = UIStatusBarStyleDefault;
				INFOPLIST_KEY_UISupportedInterfaceOrientations_iPad = "UIInterfaceOrientationPortrait UIInterfaceOrientationPortraitUpsideDown UIInterfaceOrientationLandscapeLeft UIInterfaceOrientationLandscapeRight";
				INFOPLIST_KEY_UISupportedInterfaceOrientations_iPhone = "UIInterfaceOrientationPortrait UIInterfaceOrientationLandscapeLeft UIInterfaceOrientationLandscapeRight";
				IPHONEOS_DEPLOYMENT_TARGET = 18.2;
				LD_RUNPATH_SEARCH_PATHS = "@executable_path/Frameworks";
				"LD_RUNPATH_SEARCH_PATHS[sdk=macosx*]" = "@executable_path/../Frameworks";
				MACOSX_DEPLOYMENT_TARGET = 15.2;
				MARKETING_VERSION = 1.0;
				PRODUCT_BUNDLE_IDENTIFIER = "iskandar.DriveMate-New";
				PRODUCT_NAME = "$(TARGET_NAME)";
				SDKROOT = auto;
				SUPPORTED_PLATFORMS = "iphoneos iphonesimulator macosx xros xrsimulator";
				SWIFT_EMIT_LOC_STRINGS = YES;
				SWIFT_VERSION = 5.0;
				TARGETED_DEVICE_FAMILY = "1,2,7";
				XROS_DEPLOYMENT_TARGET = 2.2;
			};
			name = Release;
		};
		1A6477FD2D101F89009290A2 /* Debug */ = {
			isa = XCBuildConfiguration;
			buildSettings = {
				BUNDLE_LOADER = "$(TEST_HOST)";
				CODE_SIGN_STYLE = Automatic;
				CURRENT_PROJECT_VERSION = 1;
				DEVELOPMENT_TEAM = LJWSF863VJ;
				GENERATE_INFOPLIST_FILE = YES;
				IPHONEOS_DEPLOYMENT_TARGET = 18.2;
				MACOSX_DEPLOYMENT_TARGET = 15.2;
				MARKETING_VERSION = 1.0;
				PRODUCT_BUNDLE_IDENTIFIER = "iskandar.DriveMate-NewTests";
				PRODUCT_NAME = "$(TARGET_NAME)";
				SDKROOT = auto;
				SUPPORTED_PLATFORMS = "iphoneos iphonesimulator macosx xros xrsimulator";
				SWIFT_EMIT_LOC_STRINGS = NO;
				SWIFT_VERSION = 5.0;
				TARGETED_DEVICE_FAMILY = "1,2,7";
				TEST_HOST = "$(BUILT_PRODUCTS_DIR)/DriveMate_New.app/$(BUNDLE_EXECUTABLE_FOLDER_PATH)/DriveMate_New";
				XROS_DEPLOYMENT_TARGET = 2.2;
			};
			name = Debug;
		};
		1A6477FE2D101F89009290A2 /* Release */ = {
			isa = XCBuildConfiguration;
			buildSettings = {
				BUNDLE_LOADER = "$(TEST_HOST)";
				CODE_SIGN_STYLE = Automatic;
				CURRENT_PROJECT_VERSION = 1;
				DEVELOPMENT_TEAM = LJWSF863VJ;
				GENERATE_INFOPLIST_FILE = YES;
				IPHONEOS_DEPLOYMENT_TARGET = 18.2;
				MACOSX_DEPLOYMENT_TARGET = 15.2;
				MARKETING_VERSION = 1.0;
				PRODUCT_BUNDLE_IDENTIFIER = "iskandar.DriveMate-NewTests";
				PRODUCT_NAME = "$(TARGET_NAME)";
				SDKROOT = auto;
				SUPPORTED_PLATFORMS = "iphoneos iphonesimulator macosx xros xrsimulator";
				SWIFT_EMIT_LOC_STRINGS = NO;
				SWIFT_VERSION = 5.0;
				TARGETED_DEVICE_FAMILY = "1,2,7";
				TEST_HOST = "$(BUILT_PRODUCTS_DIR)/DriveMate_New.app/$(BUNDLE_EXECUTABLE_FOLDER_PATH)/DriveMate_New";
				XROS_DEPLOYMENT_TARGET = 2.2;
			};
			name = Release;
		};
		1A6478002D101F89009290A2 /* Debug */ = {
			isa = XCBuildConfiguration;
			buildSettings = {
				CODE_SIGN_STYLE = Automatic;
				CURRENT_PROJECT_VERSION = 1;
				DEVELOPMENT_TEAM = LJWSF863VJ;
				GENERATE_INFOPLIST_FILE = YES;
				IPHONEOS_DEPLOYMENT_TARGET = 18.2;
				MACOSX_DEPLOYMENT_TARGET = 15.2;
				MARKETING_VERSION = 1.0;
				PRODUCT_BUNDLE_IDENTIFIER = "iskandar.DriveMate-NewUITests";
				PRODUCT_NAME = "$(TARGET_NAME)";
				SDKROOT = auto;
				SUPPORTED_PLATFORMS = "iphoneos iphonesimulator macosx xros xrsimulator";
				SWIFT_EMIT_LOC_STRINGS = NO;
				SWIFT_VERSION = 5.0;
				TARGETED_DEVICE_FAMILY = "1,2,7";
				TEST_TARGET_NAME = DriveMate_New;
				XROS_DEPLOYMENT_TARGET = 2.2;
			};
			name = Debug;
		};
		1A6478012D101F89009290A2 /* Release */ = {
			isa = XCBuildConfiguration;
			buildSettings = {
				CODE_SIGN_STYLE = Automatic;
				CURRENT_PROJECT_VERSION = 1;
				DEVELOPMENT_TEAM = LJWSF863VJ;
				GENERATE_INFOPLIST_FILE = YES;
				IPHONEOS_DEPLOYMENT_TARGET = 18.2;
				MACOSX_DEPLOYMENT_TARGET = 15.2;
				MARKETING_VERSION = 1.0;
				PRODUCT_BUNDLE_IDENTIFIER = "iskandar.DriveMate-NewUITests";
				PRODUCT_NAME = "$(TARGET_NAME)";
				SDKROOT = auto;
				SUPPORTED_PLATFORMS = "iphoneos iphonesimulator macosx xros xrsimulator";
				SWIFT_EMIT_LOC_STRINGS = NO;
				SWIFT_VERSION = 5.0;
				TARGETED_DEVICE_FAMILY = "1,2,7";
				TEST_TARGET_NAME = DriveMate_New;
				XROS_DEPLOYMENT_TARGET = 2.2;
			};
			name = Release;
		};
/* End XCBuildConfiguration section */

/* Begin XCConfigurationList section */
		1A6477CF2D101F87009290A2 /* Build configuration list for PBXProject "DriveMate_New" */ = {
			isa = XCConfigurationList;
			buildConfigurations = (
				1A6477F72D101F89009290A2 /* Debug */,
				1A6477F82D101F89009290A2 /* Release */,
			);
			defaultConfigurationIsVisible = 0;
			defaultConfigurationName = Release;
		};
		1A6477F92D101F89009290A2 /* Build configuration list for PBXNativeTarget "DriveMate_New" */ = {
			isa = XCConfigurationList;
			buildConfigurations = (
				1A6477FA2D101F89009290A2 /* Debug */,
				1A6477FB2D101F89009290A2 /* Release */,
			);
			defaultConfigurationIsVisible = 0;
			defaultConfigurationName = Release;
		};
		1A6477FC2D101F89009290A2 /* Build configuration list for PBXNativeTarget "DriveMate_NewTests" */ = {
			isa = XCConfigurationList;
			buildConfigurations = (
				1A6477FD2D101F89009290A2 /* Debug */,
				1A6477FE2D101F89009290A2 /* Release */,
			);
			defaultConfigurationIsVisible = 0;
			defaultConfigurationName = Release;
		};
		1A6477FF2D101F89009290A2 /* Build configuration list for PBXNativeTarget "DriveMate_NewUITests" */ = {
			isa = XCConfigurationList;
			buildConfigurations = (
				1A6478002D101F89009290A2 /* Debug */,
				1A6478012D101F89009290A2 /* Release */,
			);
			defaultConfigurationIsVisible = 0;
			defaultConfigurationName = Release;
		};
/* End XCConfigurationList section */

/* Begin XCRemoteSwiftPackageReference section */
		1A2695932D68206D00749E24 /* XCRemoteSwiftPackageReference "CoreXLSX" */ = {
			isa = XCRemoteSwiftPackageReference;
			repositoryURL = "https://github.com/CoreOffice/CoreXLSX";
			requirement = {
				kind = upToNextMajorVersion;
				minimumVersion = 0.14.2;
			};
		};
/* End XCRemoteSwiftPackageReference section */

/* Begin XCSwiftPackageProductDependency section */
		1A2695942D68210900749E24 /* CoreXLSX */ = {
			isa = XCSwiftPackageProductDependency;
			package = 1A2695932D68206D00749E24 /* XCRemoteSwiftPackageReference "CoreXLSX" */;
			productName = CoreXLSX;
		};
		1A2695962D68213900749E24 /* CoreXLSX */ = {
			isa = XCSwiftPackageProductDependency;
			package = 1A2695932D68206D00749E24 /* XCRemoteSwiftPackageReference "CoreXLSX" */;
			productName = CoreXLSX;
		};
		1A2695982D68214D00749E24 /* CoreXLSX */ = {
			isa = XCSwiftPackageProductDependency;
			package = 1A2695932D68206D00749E24 /* XCRemoteSwiftPackageReference "CoreXLSX" */;
			productName = CoreXLSX;
		};
/* End XCSwiftPackageProductDependency section */
	};
	rootObject = 1A6477CC2D101F87009290A2 /* Project object */;
}
